
Microsoft Visual Studio Solution File, Format Version 12.00
# Visual Studio Version 17
VisualStudioVersion = 17.8.34525.116
MinimumVisualStudioVersion = 10.0.40219.1
Project("{9A19103F-16F7-4668-BE54-9A1E7A4F7556}") = "Entities", "Entities\Entities.csproj", "{243D0197-2C85-46C1-9C59-6A7B721DFAD6}"
EndProject
Project("{9A19103F-16F7-4668-BE54-9A1E7A4F7556}") = "Business", "Business\Business.csproj", "{E05AA049-187A-410D-ADAC-D5E88CA585B0}"
EndProject
Project("{FAE04EC0-301F-11D3-BF4B-00C04F79EFBC}") = "Workaround", "Workaround\Workaround.csproj", "{E74227F9-9C71-48B0-A1CF-5070F5C74EB9}"
EndProject
Global
	GlobalSection(SolutionConfigurationPlatforms) = preSolution
		Debug|Any CPU = Debug|Any CPU
		Release|Any CPU = Release|Any CPU
	EndGlobalSection
	GlobalSection(ProjectConfigurationPlatforms) = postSolution
		{243D0197-2C85-46C1-9C59-6A7B721DFAD6}.Debug|Any CPU.ActiveCfg = Debug|Any CPU
		{243D0197-2C85-46C1-9C59-6A7B721DFAD6}.Debug|Any CPU.Build.0 = Debug|Any CPU
		{243D0197-2C85-46C1-9C59-6A7B721DFAD6}.Release|Any CPU.ActiveCfg = Release|Any CPU
		{243D0197-2C85-46C1-9C59-6A7B721DFAD6}.Release|Any CPU.Build.0 = Release|Any CPU
		{E05AA049-187A-410D-ADAC-D5E88CA585B0}.Debug|Any CPU.ActiveCfg = Debug|Any CPU
		{E05AA049-187A-410D-ADAC-D5E88CA585B0}.Debug|Any CPU.Build.0 = Debug|Any CPU
		{E05AA049-187A-410D-ADAC-D5E88CA585B0}.Release|Any CPU.ActiveCfg = Release|Any CPU
		{E05AA049-187A-410D-ADAC-D5E88CA585B0}.Release|Any CPU.Build.0 = Release|Any CPU
		{E74227F9-9C71-48B0-A1CF-5070F5C74EB9}.Debug|Any CPU.ActiveCfg = Debug|Any CPU
		{E74227F9-9C71-48B0-A1CF-5070F5C74EB9}.Debug|Any CPU.Build.0 = Debug|Any CPU
		{E74227F9-9C71-48B0-A1CF-5070F5C74EB9}.Release|Any CPU.ActiveCfg = Release|Any CPU
		{E74227F9-9C71-48B0-A1CF-5070F5C74EB9}.Release|Any CPU.Build.0 = Release|Any CPU
	EndGlobalSection
	GlobalSection(SolutionProperties) = preSolution
		HideSolutionNode = FALSE
	EndGlobalSection
	GlobalSection(ExtensibilityGlobals) = postSolution
		SolutionGuid = {51A0900C-955D-49F7-91F4-EAEFC1F332E0}
	EndGlobalSection
EndGlobal
